
Microsoft Visual Studio Solution File, Format Version 12.00
# Visual Studio Version 16
VisualStudioVersion = 25.0.1706.4
MinimumVisualStudioVersion = 10.0.40219.1
Project("{FAE04EC0-301F-11D3-BF4B-00C04F79EFBC}") = "prescription", "prescription.csproj", "{F130169F-3C38-4749-AE55-0800BE27BE1F}"
EndProject
Global
	GlobalSection(SolutionConfigurationPlatforms) = preSolution
		Debug|Any CPU = Debug|Any CPU
		Release|Any CPU = Release|Any CPU
	EndGlobalSection
	GlobalSection(ProjectConfigurationPlatforms) = postSolution
		{F130169F-3C38-4749-AE55-0800BE27BE1F}.Debug|Any CPU.ActiveCfg = Debug|Any CPU
		{F130169F-3C38-4749-AE55-0800BE27BE1F}.Debug|Any CPU.Build.0 = Debug|Any CPU
		{F130169F-3C38-4749-AE55-0800BE27BE1F}.Release|Any CPU.ActiveCfg = Release|Any CPU
		{F130169F-3C38-4749-AE55-0800BE27BE1F}.Release|Any CPU.Build.0 = Release|Any CPU
	EndGlobalSection
	GlobalSection(SolutionProperties) = preSolution
		HideSolutionNode = FALSE
	EndGlobalSection
	GlobalSection(ExtensibilityGlobals) = postSolution
		SolutionGuid = {5D2A9A48-D96B-40B0-8222-056B67420128}
	EndGlobalSection
EndGlobal
